{
  "originHash" : "29e2818f908f2ffce6d58292b3502097b7baf73e03a955647d46407598842e66",
  "pins" : [
    {
      "identity" : "alamofire",
      "kind" : "remoteSourceControl",
      "location" : "https://github.com/Alamofire/Alamofire.git",
      "state" : {
        "revision" : "513364f870f6bfc468f9d2ff0a95caccc10044c5",
        "version" : "5.10.2"
      }
    },
    {
      "identity" : "mocker",
      "kind" : "remoteSourceControl",
      "location" : "https://github.com/WeTransfer/Mocker.git",
      "state" : {
        "revision" : "95fa785c751f6bc40c49e112d433c3acf8417a97",
        "version" : "3.0.2"
      }
    },
    {
      "identity" : "swift-syntax",
      "kind" : "remoteSourceControl",
      "location" : "https://github.com/apple/swift-syntax.git",
      "state" : {
        "revision" : "2bc86522d115234d1f588efe2bcb4ce4be8f8b82",
        "version" : "510.0.3"
      }
    },
    {
      "identity" : "swiftandtipsmacros",
      "kind" : "remoteSourceControl",
      "location" : "https://github.com/pitt500/SwiftAndTipsMacros.git",
      "state" : {
        "branch" : "main",
        "revision" : "fb92f9aa8afccb13b960c45d6aa3f4ed1b6bd648"
      }
    }
  ],
  "version" : 3
}
